# Generated by buf. DO NOT EDIT.
version: v2
deps:
  - name: buf.build/authaas/identity
    commit: b037abb325784162acccae4b44c29dbe
    digest: b5:3eed4de6d79f65f539b3aa2c2fd65164a80a146aedfabbdf827b9142894625f701aa9b7bd830739d299e5bcb744cacbc3a1d31883fb16d3ee515a526cb80d1d1
  - name: buf.build/authaas/webauthn-credential
    commit: f7b8c5b69972475da4e9de5a410544f3
    digest: b5:6c1d14c069a609810986f3ade85e34dd03b0f9272ce10cb11d136744def5e5b9ad7c2770f3838292ed4ea9f7558a24e80477f4c0df1f3f61dd2eadcef6fe1178
  - name: buf.build/authaas/webauthn-modality
    commit: 4e0bb82142db4db8a2389f525af4cc04
    digest: b5:c487ee33b7ecad1acadbad2294603b217b65589c9579cc375aa9811c7d005419bf0e426f57d4d9b659d78cf08f241dc1c849384285f1229931ad32574240f7d3
  - name: buf.build/authaas/webauthn-rp
    commit: 48e983d00b8f4c68928e5a27673a83b4
    digest: b5:e857d5941f1904c8f393e9bc6c9571cfd1c378d362f90c1b219c1d54ac59ba94d55e3669f3e3f0e6292bd9b424d27557813aa40015662dcb0fc399a84f18b9df
