# Generated by buf. DO NOT EDIT.
version: v2
deps:
  - name: buf.build/authaas/identity
    commit: 04b2fff942744196b48f0be12576cb20
    digest: b5:f830b800a7e7dcd4ec9fa8771d7305cd0b671d0894cdc9a88b713db081c964ca21be8306e25c6ba8adffef565cb3d4c29fce4ed72158fd4d24f90b018aa77a68
  - name: buf.build/authaas/webauthn
    commit: 418d390b1dd041818e5ae51bb6383a63
    digest: b5:f1b2cc48078db485d2e27d99c95ef77f4b581a7a1d500e60106ec7a07bf4bcf347c2296d586e8114878292f795be7bc14ec89b50e1909d57a33ec1e7bcbb1443
